
Microsoft Visual Studio Solution File, Format Version 12.00
# Visual Studio Version 16
VisualStudioVersion = 16.0.31019.35
MinimumVisualStudioVersion = 10.0.40219.1
Project("{9A19103F-16F7-4668-BE54-9A1E7A4F7556}") = "Reshop.Web", "Reshop.Web\Reshop.Web.csproj", "{7460489B-FB42-44D4-80B7-0E3B48B996B8}"
EndProject
Project("{9A19103F-16F7-4668-BE54-9A1E7A4F7556}") = "Reshop.Domain", "Reshop.Domain\Reshop.Domain.csproj", "{1C743F73-7BB0-485C-BFDA-9DF9AAEA4E92}"
EndProject
Project("{9A19103F-16F7-4668-BE54-9A1E7A4F7556}") = "Reshop.Application", "Reshop.Application\Reshop.Application.csproj", "{6356716E-D56E-4038-B2FC-25E8430F24DC}"
EndProject
Project("{9A19103F-16F7-4668-BE54-9A1E7A4F7556}") = "Reshop.Infrastructure", "Reshop.Infrastructure\Reshop.Infrastructure.csproj", "{8A25BA54-AD02-4424-99FD-7B238A054D20}"
EndProject
Project("{2150E333-8FDC-42A3-9474-1A3956D46DE8}") = "src", "src", "{C0AE27EE-2DC8-4EE9-A0A7-919BEC5E4057}"
EndProject
Project("{2150E333-8FDC-42A3-9474-1A3956D46DE8}") = "Application", "Application", "{5EA68136-BCF6-4375-902A-CDF07A3EFBA8}"
EndProject
Project("{2150E333-8FDC-42A3-9474-1A3956D46DE8}") = "Domain", "Domain", "{6D232031-493F-47FA-A5ED-7836A71F6ADF}"
EndProject
Project("{2150E333-8FDC-42A3-9474-1A3956D46DE8}") = "Infrastructure", "Infrastructure", "{FB55FEE2-FB87-420F-8ADA-CF826B10A0C1}"
EndProject
Project("{2150E333-8FDC-42A3-9474-1A3956D46DE8}") = "Presentation", "Presentation", "{6CB1BDED-8FBD-4AA3-B073-B2FB634C009B}"
EndProject
Project("{FAE04EC0-301F-11D3-BF4B-00C04F79EFBC}") = "Reshop.Api", "Reshop.Api\Reshop.Api.csproj", "{B7009C95-7C34-45AD-AC9A-72A025A02A09}"
EndProject
Global
	GlobalSection(SolutionConfigurationPlatforms) = preSolution
		Debug|Any CPU = Debug|Any CPU
		Release|Any CPU = Release|Any CPU
	EndGlobalSection
	GlobalSection(ProjectConfigurationPlatforms) = postSolution
		{7460489B-FB42-44D4-80B7-0E3B48B996B8}.Debug|Any CPU.ActiveCfg = Debug|Any CPU
		{7460489B-FB42-44D4-80B7-0E3B48B996B8}.Debug|Any CPU.Build.0 = Debug|Any CPU
		{7460489B-FB42-44D4-80B7-0E3B48B996B8}.Release|Any CPU.ActiveCfg = Release|Any CPU
		{7460489B-FB42-44D4-80B7-0E3B48B996B8}.Release|Any CPU.Build.0 = Release|Any CPU
		{1C743F73-7BB0-485C-BFDA-9DF9AAEA4E92}.Debug|Any CPU.ActiveCfg = Debug|Any CPU
		{1C743F73-7BB0-485C-BFDA-9DF9AAEA4E92}.Debug|Any CPU.Build.0 = Debug|Any CPU
		{1C743F73-7BB0-485C-BFDA-9DF9AAEA4E92}.Release|Any CPU.ActiveCfg = Release|Any CPU
		{1C743F73-7BB0-485C-BFDA-9DF9AAEA4E92}.Release|Any CPU.Build.0 = Release|Any CPU
		{6356716E-D56E-4038-B2FC-25E8430F24DC}.Debug|Any CPU.ActiveCfg = Debug|Any CPU
		{6356716E-D56E-4038-B2FC-25E8430F24DC}.Debug|Any CPU.Build.0 = Debug|Any CPU
		{6356716E-D56E-4038-B2FC-25E8430F24DC}.Release|Any CPU.ActiveCfg = Release|Any CPU
		{6356716E-D56E-4038-B2FC-25E8430F24DC}.Release|Any CPU.Build.0 = Release|Any CPU
		{8A25BA54-AD02-4424-99FD-7B238A054D20}.Debug|Any CPU.ActiveCfg = Debug|Any CPU
		{8A25BA54-AD02-4424-99FD-7B238A054D20}.Debug|Any CPU.Build.0 = Debug|Any CPU
		{8A25BA54-AD02-4424-99FD-7B238A054D20}.Release|Any CPU.ActiveCfg = Release|Any CPU
		{8A25BA54-AD02-4424-99FD-7B238A054D20}.Release|Any CPU.Build.0 = Release|Any CPU
		{B7009C95-7C34-45AD-AC9A-72A025A02A09}.Debug|Any CPU.ActiveCfg = Debug|Any CPU
		{B7009C95-7C34-45AD-AC9A-72A025A02A09}.Debug|Any CPU.Build.0 = Debug|Any CPU
		{B7009C95-7C34-45AD-AC9A-72A025A02A09}.Release|Any CPU.ActiveCfg = Release|Any CPU
		{B7009C95-7C34-45AD-AC9A-72A025A02A09}.Release|Any CPU.Build.0 = Release|Any CPU
	EndGlobalSection
	GlobalSection(SolutionProperties) = preSolution
		HideSolutionNode = FALSE
	EndGlobalSection
	GlobalSection(NestedProjects) = preSolution
		{7460489B-FB42-44D4-80B7-0E3B48B996B8} = {6CB1BDED-8FBD-4AA3-B073-B2FB634C009B}
		{1C743F73-7BB0-485C-BFDA-9DF9AAEA4E92} = {6D232031-493F-47FA-A5ED-7836A71F6ADF}
		{6356716E-D56E-4038-B2FC-25E8430F24DC} = {5EA68136-BCF6-4375-902A-CDF07A3EFBA8}
		{8A25BA54-AD02-4424-99FD-7B238A054D20} = {FB55FEE2-FB87-420F-8ADA-CF826B10A0C1}
		{5EA68136-BCF6-4375-902A-CDF07A3EFBA8} = {C0AE27EE-2DC8-4EE9-A0A7-919BEC5E4057}
		{6D232031-493F-47FA-A5ED-7836A71F6ADF} = {C0AE27EE-2DC8-4EE9-A0A7-919BEC5E4057}
		{FB55FEE2-FB87-420F-8ADA-CF826B10A0C1} = {C0AE27EE-2DC8-4EE9-A0A7-919BEC5E4057}
		{6CB1BDED-8FBD-4AA3-B073-B2FB634C009B} = {C0AE27EE-2DC8-4EE9-A0A7-919BEC5E4057}
		{B7009C95-7C34-45AD-AC9A-72A025A02A09} = {6CB1BDED-8FBD-4AA3-B073-B2FB634C009B}
	EndGlobalSection
	GlobalSection(ExtensibilityGlobals) = postSolution
		SolutionGuid = {BC16BBC8-77C5-4AA7-B65C-A740D9B20059}
	EndGlobalSection
EndGlobal
